// !$*UTF8*$!
{
	archiveVersion = 1;
	classes = {
	};
	objectVersion = 50;
	objects = {

/* Begin PBXBuildFile section */
		410DAAE123712AAC00D257B6 /* AppDelegate.swift in Sources */ = {isa = PBXBuildFile; fileRef = 410DAAE023712AAC00D257B6 /* AppDelegate.swift */; };
		410DAAE323712AAC00D257B6 /* ViewController.swift in Sources */ = {isa = PBXBuildFile; fileRef = 410DAAE223712AAC00D257B6 /* ViewController.swift */; };
		410DAAE523712AAD00D257B6 /* Assets.xcassets in Resources */ = {isa = PBXBuildFile; fileRef = 410DAAE423712AAD00D257B6 /* Assets.xcassets */; };
		410DAAE823712AAD00D257B6 /* Main.storyboard in Resources */ = {isa = PBXBuildFile; fileRef = 410DAAE623712AAD00D257B6 /* Main.storyboard */; };
		410DAAF123712ADA00D257B6 /* Tools.swift in Sources */ = {isa = PBXBuildFile; fileRef = 410DAAF023712ADA00D257B6 /* Tools.swift */; };
/* End PBXBuildFile section */

/* Begin PBXFileReference section */
		410DAADD23712AAC00D257B6 /* 雨后小工具.app */ = {isa = PBXFileReference; explicitFileType = wrapper.application; includeInIndex = 0; path = "雨后小工具.app"; sourceTree = BUILT_PRODUCTS_DIR; };
		410DAAE023712AAC00D257B6 /* AppDelegate.swift */ = {isa = PBXFileReference; lastKnownFileType = sourcecode.swift; path = AppDelegate.swift; sourceTree = "<group>"; };
		410DAAE223712AAC00D257B6 /* ViewController.swift */ = {isa = PBXFileReference; lastKnownFileType = sourcecode.swift; path = ViewController.swift; sourceTree = "<group>"; };
		410DAAE423712AAD00D257B6 /* Assets.xcassets */ = {isa = PBXFileReference; lastKnownFileType = folder.assetcatalog; path = Assets.xcassets; sourceTree = "<group>"; };
		410DAAE723712AAD00D257B6 /* Base */ = {isa = PBXFileReference; lastKnownFileType = file.storyboard; name = Base; path = Base.lproj/Main.storyboard; sourceTree = "<group>"; };
		410DAAE923712AAD00D257B6 /* Info.plist */ = {isa = PBXFileReference; lastKnownFileType = text.plist.xml; path = Info.plist; sourceTree = "<group>"; };
		410DAAEA23712AAD00D257B6 /* DHJsonToProperty.entitlements */ = {isa = PBXFileReference; lastKnownFileType = text.plist.entitlements; path = DHJsonToProperty.entitlements; sourceTree = "<group>"; };
		410DAAF023712ADA00D257B6 /* Tools.swift */ = {isa = PBXFileReference; fileEncoding = 4; lastKnownFileType = sourcecode.swift; path = Tools.swift; sourceTree = "<group>"; };
/* End PBXFileReference section */

/* Begin PBXFrameworksBuildPhase section */
		410DAADA23712AAC00D257B6 /* Frameworks */ = {
			isa = PBXFrameworksBuildPhase;
			buildActionMask = 2147483647;
			files = (
			);
			runOnlyForDeploymentPostprocessing = 0;
		};
/* End PBXFrameworksBuildPhase section */

/* Begin PBXGroup section */
		410DAAD423712AAC00D257B6 = {
			isa = PBXGroup;
			children = (
				410DAADF23712AAC00D257B6 /* DHJsonToProperty */,
				410DAADE23712AAC00D257B6 /* Products */,
			);
			sourceTree = "<group>";
		};
		410DAADE23712AAC00D257B6 /* Products */ = {
			isa = PBXGroup;
			children = (
				410DAADD23712AAC00D257B6 /* 雨后小工具.app */,
			);
			name = Products;
			sourceTree = "<group>";
		};
		410DAADF23712AAC00D257B6 /* DHJsonToProperty */ = {
			isa = PBXGroup;
			children = (
				410DAAF023712ADA00D257B6 /* Tools.swift */,
				410DAAE023712AAC00D257B6 /* AppDelegate.swift */,
				410DAAE223712AAC00D257B6 /* ViewController.swift */,
				410DAAE423712AAD00D257B6 /* Assets.xcassets */,
				410DAAE623712AAD00D257B6 /* Main.storyboard */,
				410DAAE923712AAD00D257B6 /* Info.plist */,
				410DAAEA23712AAD00D257B6 /* DHJsonToProperty.entitlements */,
			);
			path = DHJsonToProperty;
			sourceTree = "<group>";
		};
/* End PBXGroup section */

/* Begin PBXNativeTarget section */
		410DAADC23712AAC00D257B6 /* DHJsonToProperty */ = {
			isa = PBXNativeTarget;
			buildConfigurationList = 410DAAED23712AAD00D257B6 /* Build configuration list for PBXNativeTarget "DHJsonToProperty" */;
			buildPhases = (
				410DAAD923712AAC00D257B6 /* Sources */,
				410DAADA23712AAC00D257B6 /* Frameworks */,
				410DAADB23712AAC00D257B6 /* Resources */,
			);
			buildRules = (
			);
			dependencies = (
			);
			name = DHJsonToProperty;
			productName = DHJsonToProperty;
			productReference = 410DAADD23712AAC00D257B6 /* 雨后小工具.app */;
			productType = "com.apple.product-type.application";
		};
/* End PBXNativeTarget section */

/* Begin PBXProject section */
		410DAAD523712AAC00D257B6 /* Project object */ = {
			isa = PBXProject;
			attributes = {
				LastSwiftUpdateCheck = 1030;
				LastUpgradeCheck = 1030;
				ORGANIZATIONNAME = "候东辉";
				TargetAttributes = {
					410DAADC23712AAC00D257B6 = {
						CreatedOnToolsVersion = 10.3;
					};
				};
			};
			buildConfigurationList = 410DAAD823712AAC00D257B6 /* Build configuration list for PBXProject "DHJsonToProperty" */;
			compatibilityVersion = "Xcode 9.3";
			developmentRegion = en;
			hasScannedForEncodings = 0;
			knownRegions = (
				en,
				Base,
			);
			mainGroup = 410DAAD423712AAC00D257B6;
			productRefGroup = 410DAADE23712AAC00D257B6 /* Products */;
			projectDirPath = "";
			projectRoot = "";
			targets = (
				410DAADC23712AAC00D257B6 /* DHJsonToProperty */,
			);
		};
/* End PBXProject section */

/* Begin PBXResourcesBuildPhase section */
		410DAADB23712AAC00D257B6 /* Resources */ = {
			isa = PBXResourcesBuildPhase;
			buildActionMask = 2147483647;
			files = (
				410DAAE523712AAD00D257B6 /* Assets.xcassets in Resources */,
				410DAAE823712AAD00D257B6 /* Main.storyboard in Resources */,
			);
			runOnlyForDeploymentPostprocessing = 0;
		};
/* End PBXResourcesBuildPhase section */

/* Begin PBXSourcesBuildPhase section */
		410DAAD923712AAC00D257B6 /* Sources */ = {
			isa = PBXSourcesBuildPhase;
			buildActionMask = 2147483647;
			files = (
				410DAAF123712ADA00D257B6 /* Tools.swift in Sources */,
				410DAAE323712AAC00D257B6 /* ViewController.swift in Sources */,
				410DAAE123712AAC00D257B6 /* AppDelegate.swift in Sources */,
			);
			runOnlyForDeploymentPostprocessing = 0;
		};
/* End PBXSourcesBuildPhase section */

/* Begin PBXVariantGroup section */
		410DAAE623712AAD00D257B6 /* Main.storyboard */ = {
			isa = PBXVariantGroup;
			children = (
				410DAAE723712AAD00D257B6 /* Base */,
			);
			name = Main.storyboard;
			sourceTree = "<group>";
		};
/* End PBXVariantGroup section */

/* Begin XCBuildConfiguration section */
		410DAAEB23712AAD00D257B6 /* Debug */ = {
			isa = XCBuildConfiguration;
			buildSettings = {
				ALWAYS_SEARCH_USER_PATHS = NO;
				CLANG_ANALYZER_NONNULL = YES;
				CLANG_ANALYZER_NUMBER_OBJECT_CONVERSION = YES_AGGRESSIVE;
				CLANG_CXX_LANGUAGE_STANDARD = "gnu++14";
				CLANG_CXX_LIBRARY = "libc++";
				CLANG_ENABLE_MODULES = YES;
				CLANG_ENABLE_OBJC_ARC = YES;
				CLANG_ENABLE_OBJC_WEAK = YES;
				CLANG_WARN_BLOCK_CAPTURE_AUTORELEASING = YES;
				CLANG_WARN_BOOL_CONVERSION = YES;
				CLANG_WARN_COMMA = YES;
				CLANG_WARN_CONSTANT_CONVERSION = YES;
				CLANG_WARN_DEPRECATED_OBJC_IMPLEMENTATIONS = YES;
				CLANG_WARN_DIRECT_OBJC_ISA_USAGE = YES_ERROR;
				CLANG_WARN_DOCUMENTATION_COMMENTS = YES;
				CLANG_WARN_EMPTY_BODY = YES;
				CLANG_WARN_ENUM_CONVERSION = YES;
				CLANG_WARN_INFINITE_RECURSION = YES;
				CLANG_WARN_INT_CONVERSION = YES;
				CLANG_WARN_NON_LITERAL_NULL_CONVERSION = YES;
				CLANG_WARN_OBJC_IMPLICIT_RETAIN_SELF = YES;
				CLANG_WARN_OBJC_LITERAL_CONVERSION = YES;
				CLANG_WARN_OBJC_ROOT_CLASS = YES_ERROR;
				CLANG_WARN_RANGE_LOOP_ANALYSIS = YES;
				CLANG_WARN_STRICT_PROTOTYPES = YES;
				CLANG_WARN_SUSPICIOUS_MOVE = YES;
				CLANG_WARN_UNGUARDED_AVAILABILITY = YES_AGGRESSIVE;
				CLANG_WARN_UNREACHABLE_CODE = YES;
				CLANG_WARN__DUPLICATE_METHOD_MATCH = YES;
				CODE_SIGN_IDENTITY = "Mac Developer";
				COPY_PHASE_STRIP = NO;
				DEBUG_INFORMATION_FORMAT = dwarf;
				ENABLE_STRICT_OBJC_MSGSEND = YES;
				ENABLE_TESTABILITY = YES;
				GCC_C_LANGUAGE_STANDARD = gnu11;
				GCC_DYNAMIC_NO_PIC = NO;
				GCC_NO_COMMON_BLOCKS = YES;
				GCC_OPTIMIZATION_LEVEL = 0;
				GCC_PREPROCESSOR_DEFINITIONS = (
					"DEBUG=1",
					"$(inherited)",
				);
				GCC_WARN_64_TO_32_BIT_CONVERSION = YES;
				GCC_WARN_ABOUT_RETURN_TYPE = YES_ERROR;
				GCC_WARN_UNDECLARED_SELECTOR = YES;
				GCC_WARN_UNINITIALIZED_AUTOS = YES_AGGRESSIVE;
				GCC_WARN_UNUSED_FUNCTION = YES;
				GCC_WARN_UNUSED_VARIABLE = YES;
				MACOSX_DEPLOYMENT_TARGET = 10.15;
				MTL_ENABLE_DEBUG_INFO = INCLUDE_SOURCE;
				MTL_FAST_MATH = YES;
				ONLY_ACTIVE_ARCH = YES;
				SDKROOT = macosx;
				SWIFT_ACTIVE_COMPILATION_CONDITIONS = DEBUG;
				SWIFT_OPTIMIZATION_LEVEL = "-Onone";
			};
			name = Debug;
		};
		410DAAEC23712AAD00D257B6 /* Release */ = {
			isa = XCBuildConfiguration;
			buildSettings = {
				ALWAYS_SEARCH_USER_PATHS = NO;
				CLANG_ANALYZER_NONNULL = YES;
				CLANG_ANALYZER_NUMBER_OBJECT_CONVERSION = YES_AGGRESSIVE;
				CLANG_CXX_LANGUAGE_STANDARD = "gnu++14";
				CLANG_CXX_LIBRARY = "libc++";
				CLANG_ENABLE_MODULES = YES;
				CLANG_ENABLE_OBJC_ARC = YES;
				CLANG_ENABLE_OBJC_WEAK = YES;
				CLANG_WARN_BLOCK_CAPTURE_AUTORELEASING = YES;
				CLANG_WARN_BOOL_CONVERSION = YES;
				CLANG_WARN_COMMA = YES;
				CLANG_WARN_CONSTANT_CONVERSION = YES;
				CLANG_WARN_DEPRECATED_OBJC_IMPLEMENTATIONS = YES;
				CLANG_WARN_DIRECT_OBJC_ISA_USAGE = YES_ERROR;
				CLANG_WARN_DOCUMENTATION_COMMENTS = YES;
				CLANG_WARN_EMPTY_BODY = YES;
				CLANG_WARN_ENUM_CONVERSION = YES;
				CLANG_WARN_INFINITE_RECURSION = YES;
				CLANG_WARN_INT_CONVERSION = YES;
				CLANG_WARN_NON_LITERAL_NULL_CONVERSION = YES;
				CLANG_WARN_OBJC_IMPLICIT_RETAIN_SELF = YES;
				CLANG_WARN_OBJC_LITERAL_CONVERSION = YES;
				CLANG_WARN_OBJC_ROOT_CLASS = YES_ERROR;
				CLANG_WARN_RANGE_LOOP_ANALYSIS = YES;
				CLANG_WARN_STRICT_PROTOTYPES = YES;
				CLANG_WARN_SUSPICIOUS_MOVE = YES;
				CLANG_WARN_UNGUARDED_AVAILABILITY = YES_AGGRESSIVE;
				CLANG_WARN_UNREACHABLE_CODE = YES;
				CLANG_WARN__DUPLICATE_METHOD_MATCH = YES;
				CODE_SIGN_IDENTITY = "Mac Developer";
				COPY_PHASE_STRIP = NO;
				DEBUG_INFORMATION_FORMAT = "dwarf-with-dsym";
				ENABLE_NS_ASSERTIONS = NO;
				ENABLE_STRICT_OBJC_MSGSEND = YES;
				GCC_C_LANGUAGE_STANDARD = gnu11;
				GCC_NO_COMMON_BLOCKS = YES;
				GCC_WARN_64_TO_32_BIT_CONVERSION = YES;
				GCC_WARN_ABOUT_RETURN_TYPE = YES_ERROR;
				GCC_WARN_UNDECLARED_SELECTOR = YES;
				GCC_WARN_UNINITIALIZED_AUTOS = YES_AGGRESSIVE;
				GCC_WARN_UNUSED_FUNCTION = YES;
				GCC_WARN_UNUSED_VARIABLE = YES;
				MACOSX_DEPLOYMENT_TARGET = 10.15;
				MTL_ENABLE_DEBUG_INFO = NO;
				MTL_FAST_MATH = YES;
				SDKROOT = macosx;
				SWIFT_COMPILATION_MODE = wholemodule;
				SWIFT_OPTIMIZATION_LEVEL = "-O";
			};
			name = Release;
		};
		410DAAEE23712AAD00D257B6 /* Debug */ = {
			isa = XCBuildConfiguration;
			buildSettings = {
				ASSETCATALOG_COMPILER_APPICON_NAME = AppIcon;
				CODE_SIGN_ENTITLEMENTS = DHJsonToProperty/DHJsonToProperty.entitlements;
				CODE_SIGN_STYLE = Automatic;
				COMBINE_HIDPI_IMAGES = YES;
				DEVELOPMENT_TEAM = VH383LS3WH;
				INFOPLIST_FILE = DHJsonToProperty/Info.plist;
				LD_RUNPATH_SEARCH_PATHS = (
					"$(inherited)",
					"@executable_path/../Frameworks",
				);
				PRODUCT_BUNDLE_IDENTIFIER = com.json2Property.DHJsonToProperty;
				PRODUCT_NAME = "雨后小工具";
				SWIFT_VERSION = 5.0;
			};
			name = Debug;
		};
		410DAAEF23712AAD00D257B6 /* Release */ = {
			isa = XCBuildConfiguration;
			buildSettings = {
				ASSETCATALOG_COMPILER_APPICON_NAME = AppIcon;
				CODE_SIGN_ENTITLEMENTS = DHJsonToProperty/DHJsonToProperty.entitlements;
				CODE_SIGN_STYLE = Automatic;
				COMBINE_HIDPI_IMAGES = YES;
				DEVELOPMENT_TEAM = VH383LS3WH;
				INFOPLIST_FILE = DHJsonToProperty/Info.plist;
				LD_RUNPATH_SEARCH_PATHS = (
					"$(inherited)",
					"@executable_path/../Frameworks",
				);
				PRODUCT_BUNDLE_IDENTIFIER = com.json2Property.DHJsonToProperty;
				PRODUCT_NAME = "雨后小工具";
				SWIFT_VERSION = 5.0;
			};
			name = Release;
		};
/* End XCBuildConfiguration section */

/* Begin XCConfigurationList section */
		410DAAD823712AAC00D257B6 /* Build configuration list for PBXProject "DHJsonToProperty" */ = {
			isa = XCConfigurationList;
			buildConfigurations = (
				410DAAEB23712AAD00D257B6 /* Debug */,
				410DAAEC23712AAD00D257B6 /* Release */,
			);
			defaultConfigurationIsVisible = 0;
			defaultConfigurationName = Release;
		};
		410DAAED23712AAD00D257B6 /* Build configuration list for PBXNativeTarget "DHJsonToProperty" */ = {
			isa = XCConfigurationList;
			buildConfigurations = (
				410DAAEE23712AAD00D257B6 /* Debug */,
				410DAAEF23712AAD00D257B6 /* Release */,
			);
			defaultConfigurationIsVisible = 0;
			defaultConfigurationName = Release;
		};
/* End XCConfigurationList section */
	};
	rootObject = 410DAAD523712AAC00D257B6 /* Project object */;
}
